// !$*UTF8*$!
{
	archiveVersion = 1;
	classes = {
	};
	objectVersion = 50;
	objects = {

/* Begin PBXBuildFile section */
		34348E07243009CB0032533E /* AppDelegate.swift in Sources */ = {isa = PBXBuildFile; fileRef = 34348E06243009CB0032533E /* AppDelegate.swift */; };
		34348E0B243009CB0032533E /* ViewController.swift in Sources */ = {isa = PBXBuildFile; fileRef = 34348E0A243009CB0032533E /* ViewController.swift */; };
		34348E0E243009CB0032533E /* Main.storyboard in Resources */ = {isa = PBXBuildFile; fileRef = 34348E0C243009CB0032533E /* Main.storyboard */; };
		34348E11243009CB0032533E /* Colligo.xcdatamodeld in Sources */ = {isa = PBXBuildFile; fileRef = 34348E0F243009CB0032533E /* Colligo.xcdatamodeld */; };
		34348E13243009D10032533E /* Assets.xcassets in Resources */ = {isa = PBXBuildFile; fileRef = 34348E12243009D10032533E /* Assets.xcassets */; };
		34348E16243009D10032533E /* LaunchScreen.storyboard in Resources */ = {isa = PBXBuildFile; fileRef = 34348E14243009D10032533E /* LaunchScreen.storyboard */; };
/* End PBXBuildFile section */

/* Begin PBXFileReference section */
		34348E03243009CB0032533E /* ColliGo.app */ = {isa = PBXFileReference; explicitFileType = wrapper.application; includeInIndex = 0; path = ColliGo.app; sourceTree = BUILT_PRODUCTS_DIR; };
		34348E06243009CB0032533E /* AppDelegate.swift */ = {isa = PBXFileReference; lastKnownFileType = sourcecode.swift; path = AppDelegate.swift; sourceTree = "<group>"; };
		34348E0A243009CB0032533E /* ViewController.swift */ = {isa = PBXFileReference; lastKnownFileType = sourcecode.swift; path = ViewController.swift; sourceTree = "<group>"; };
		34348E0D243009CB0032533E /* Base */ = {isa = PBXFileReference; lastKnownFileType = file.storyboard; name = Base; path = Base.lproj/Main.storyboard; sourceTree = "<group>"; };
		34348E10243009CB0032533E /* Colligo.xcdatamodel */ = {isa = PBXFileReference; lastKnownFileType = wrapper.xcdatamodel; path = Colligo.xcdatamodel; sourceTree = "<group>"; };
		34348E12243009D10032533E /* Assets.xcassets */ = {isa = PBXFileReference; lastKnownFileType = folder.assetcatalog; path = Assets.xcassets; sourceTree = "<group>"; };
		34348E15243009D10032533E /* Base */ = {isa = PBXFileReference; lastKnownFileType = file.storyboard; name = Base; path = Base.lproj/LaunchScreen.storyboard; sourceTree = "<group>"; };
		34348E17243009D10032533E /* Info.plist */ = {isa = PBXFileReference; lastKnownFileType = text.plist.xml; path = Info.plist; sourceTree = "<group>"; };
/* End PBXFileReference section */

/* Begin PBXFrameworksBuildPhase section */
		34348E00243009CB0032533E /* Frameworks */ = {
			isa = PBXFrameworksBuildPhase;
			buildActionMask = 2147483647;
			files = (
			);
			runOnlyForDeploymentPostprocessing = 0;
		};
/* End PBXFrameworksBuildPhase section */

/* Begin PBXGroup section */
		34348DFA243009CB0032533E = {
			isa = PBXGroup;
			children = (
				34348E05243009CB0032533E /* Colligo */,
				34348E04243009CB0032533E /* Products */,
			);
			sourceTree = "<group>";
		};
		34348E04243009CB0032533E /* Products */ = {
			isa = PBXGroup;
			children = (
				34348E03243009CB0032533E /* ColliGo.app */,
			);
			name = Products;
			sourceTree = "<group>";
		};
		34348E05243009CB0032533E /* Colligo */ = {
			isa = PBXGroup;
			children = (
				34348E06243009CB0032533E /* AppDelegate.swift */,
				34348E0A243009CB0032533E /* ViewController.swift */,
				34348E0C243009CB0032533E /* Main.storyboard */,
				34348E12243009D10032533E /* Assets.xcassets */,
				34348E14243009D10032533E /* LaunchScreen.storyboard */,
				34348E17243009D10032533E /* Info.plist */,
				34348E0F243009CB0032533E /* Colligo.xcdatamodeld */,
			);
			path = Colligo;
			sourceTree = "<group>";
		};
/* End PBXGroup section */

/* Begin PBXNativeTarget section */
		34348E02243009CB0032533E /* Colligo */ = {
			isa = PBXNativeTarget;
			buildConfigurationList = 34348E1A243009D10032533E /* Build configuration list for PBXNativeTarget "Colligo" */;
			buildPhases = (
				34348DFF243009CB0032533E /* Sources */,
				34348E00243009CB0032533E /* Frameworks */,
				34348E01243009CB0032533E /* Resources */,
			);
			buildRules = (
			);
			dependencies = (
			);
			name = Colligo;
			productName = Colligo;
			productReference = 34348E03243009CB0032533E /* ColliGo.app */;
			productType = "com.apple.product-type.application";
		};
/* End PBXNativeTarget section */

/* Begin PBXProject section */
		34348DFB243009CB0032533E /* Project object */ = {
			isa = PBXProject;
			attributes = {
				LastSwiftUpdateCheck = 1140;
				LastUpgradeCheck = 1140;
				ORGANIZATIONNAME = b00leant;
				TargetAttributes = {
					34348E02243009CB0032533E = {
						CreatedOnToolsVersion = 11.4;
					};
				};
			};
			buildConfigurationList = 34348DFE243009CB0032533E /* Build configuration list for PBXProject "ColliGo" */;
			compatibilityVersion = "Xcode 9.3";
			developmentRegion = en;
			hasScannedForEncodings = 0;
			knownRegions = (
				en,
				Base,
			);
			mainGroup = 34348DFA243009CB0032533E;
			productRefGroup = 34348E04243009CB0032533E /* Products */;
			projectDirPath = "";
			projectRoot = "";
			targets = (
				34348E02243009CB0032533E /* Colligo */,
			);
		};
/* End PBXProject section */

/* Begin PBXResourcesBuildPhase section */
		34348E01243009CB0032533E /* Resources */ = {
			isa = PBXResourcesBuildPhase;
			buildActionMask = 2147483647;
			files = (
				34348E16243009D10032533E /* LaunchScreen.storyboard in Resources */,
				34348E13243009D10032533E /* Assets.xcassets in Resources */,
				34348E0E243009CB0032533E /* Main.storyboard in Resources */,
			);
			runOnlyForDeploymentPostprocessing = 0;
		};
/* End PBXResourcesBuildPhase section */

/* Begin PBXSourcesBuildPhase section */
		34348DFF243009CB0032533E /* Sources */ = {
			isa = PBXSourcesBuildPhase;
			buildActionMask = 2147483647;
			files = (
				34348E0B243009CB0032533E /* ViewController.swift in Sources */,
				34348E11243009CB0032533E /* Colligo.xcdatamodeld in Sources */,
				34348E07243009CB0032533E /* AppDelegate.swift in Sources */,
			);
			runOnlyForDeploymentPostprocessing = 0;
		};
/* End PBXSourcesBuildPhase section */

/* Begin PBXVariantGroup section */
		34348E0C243009CB0032533E /* Main.storyboard */ = {
			isa = PBXVariantGroup;
			children = (
				34348E0D243009CB0032533E /* Base */,
			);
			name = Main.storyboard;
			sourceTree = "<group>";
		};
		34348E14243009D10032533E /* LaunchScreen.storyboard */ = {
			isa = PBXVariantGroup;
			children = (
				34348E15243009D10032533E /* Base */,
			);
			name = LaunchScreen.storyboard;
			sourceTree = "<group>";
		};
/* End PBXVariantGroup section */

/* Begin XCBuildConfiguration section */
		34348E18243009D10032533E /* Debug */ = {
			isa = XCBuildConfiguration;
			buildSettings = {
				ALWAYS_SEARCH_USER_PATHS = NO;
				CLANG_ANALYZER_NONNULL = YES;
				CLANG_ANALYZER_NUMBER_OBJECT_CONVERSION = YES_AGGRESSIVE;
				CLANG_CXX_LANGUAGE_STANDARD = "gnu++14";
				CLANG_CXX_LIBRARY = "libc++";
				CLANG_ENABLE_MODULES = YES;
				CLANG_ENABLE_OBJC_ARC = YES;
				CLANG_ENABLE_OBJC_WEAK = YES;
				CLANG_WARN_BLOCK_CAPTURE_AUTORELEASING = YES;
				CLANG_WARN_BOOL_CONVERSION = YES;
				CLANG_WARN_COMMA = YES;
				CLANG_WARN_CONSTANT_CONVERSION = YES;
				CLANG_WARN_DEPRECATED_OBJC_IMPLEMENTATIONS = YES;
				CLANG_WARN_DIRECT_OBJC_ISA_USAGE = YES_ERROR;
				CLANG_WARN_DOCUMENTATION_COMMENTS = YES;
				CLANG_WARN_EMPTY_BODY = YES;
				CLANG_WARN_ENUM_CONVERSION = YES;
				CLANG_WARN_INFINITE_RECURSION = YES;
				CLANG_WARN_INT_CONVERSION = YES;
				CLANG_WARN_NON_LITERAL_NULL_CONVERSION = YES;
				CLANG_WARN_OBJC_IMPLICIT_RETAIN_SELF = YES;
				CLANG_WARN_OBJC_LITERAL_CONVERSION = YES;
				CLANG_WARN_OBJC_ROOT_CLASS = YES_ERROR;
				CLANG_WARN_RANGE_LOOP_ANALYSIS = YES;
				CLANG_WARN_STRICT_PROTOTYPES = YES;
				CLANG_WARN_SUSPICIOUS_MOVE = YES;
				CLANG_WARN_UNGUARDED_AVAILABILITY = YES_AGGRESSIVE;
				CLANG_WARN_UNREACHABLE_CODE = YES;
				CLANG_WARN__DUPLICATE_METHOD_MATCH = YES;
				COPY_PHASE_STRIP = NO;
				DEBUG_INFORMATION_FORMAT = dwarf;
				ENABLE_STRICT_OBJC_MSGSEND = YES;
				ENABLE_TESTABILITY = YES;
				GCC_C_LANGUAGE_STANDARD = gnu11;
				GCC_DYNAMIC_NO_PIC = NO;
				GCC_NO_COMMON_BLOCKS = YES;
				GCC_OPTIMIZATION_LEVEL = 0;
				GCC_PREPROCESSOR_DEFINITIONS = (
					"DEBUG=1",
					"$(inherited)",
				);
				GCC_WARN_64_TO_32_BIT_CONVERSION = YES;
				GCC_WARN_ABOUT_RETURN_TYPE = YES_ERROR;
				GCC_WARN_UNDECLARED_SELECTOR = YES;
				GCC_WARN_UNINITIALIZED_AUTOS = YES_AGGRESSIVE;
				GCC_WARN_UNUSED_FUNCTION = YES;
				GCC_WARN_UNUSED_VARIABLE = YES;
				IPHONEOS_DEPLOYMENT_TARGET = 13.4;
				MTL_ENABLE_DEBUG_INFO = INCLUDE_SOURCE;
				MTL_FAST_MATH = YES;
				ONLY_ACTIVE_ARCH = YES;
				SDKROOT = iphoneos;
				SWIFT_ACTIVE_COMPILATION_CONDITIONS = DEBUG;
				SWIFT_OPTIMIZATION_LEVEL = "-Onone";
			};
			name = Debug;
		};
		34348E19243009D10032533E /* Release */ = {
			isa = XCBuildConfiguration;
			buildSettings = {
				ALWAYS_SEARCH_USER_PATHS = NO;
				CLANG_ANALYZER_NONNULL = YES;
				CLANG_ANALYZER_NUMBER_OBJECT_CONVERSION = YES_AGGRESSIVE;
				CLANG_CXX_LANGUAGE_STANDARD = "gnu++14";
				CLANG_CXX_LIBRARY = "libc++";
				CLANG_ENABLE_MODULES = YES;
				CLANG_ENABLE_OBJC_ARC = YES;
				CLANG_ENABLE_OBJC_WEAK = YES;
				CLANG_WARN_BLOCK_CAPTURE_AUTORELEASING = YES;
				CLANG_WARN_BOOL_CONVERSION = YES;
				CLANG_WARN_COMMA = YES;
				CLANG_WARN_CONSTANT_CONVERSION = YES;
				CLANG_WARN_DEPRECATED_OBJC_IMPLEMENTATIONS = YES;
				CLANG_WARN_DIRECT_OBJC_ISA_USAGE = YES_ERROR;
				CLANG_WARN_DOCUMENTATION_COMMENTS = YES;
				CLANG_WARN_EMPTY_BODY = YES;
				CLANG_WARN_ENUM_CONVERSION = YES;
				CLANG_WARN_INFINITE_RECURSION = YES;
				CLANG_WARN_INT_CONVERSION = YES;
				CLANG_WARN_NON_LITERAL_NULL_CONVERSION = YES;
				CLANG_WARN_OBJC_IMPLICIT_RETAIN_SELF = YES;
				CLANG_WARN_OBJC_LITERAL_CONVERSION = YES;
				CLANG_WARN_OBJC_ROOT_CLASS = YES_ERROR;
				CLANG_WARN_RANGE_LOOP_ANALYSIS = YES;
				CLANG_WARN_STRICT_PROTOTYPES = YES;
				CLANG_WARN_SUSPICIOUS_MOVE = YES;
				CLANG_WARN_UNGUARDED_AVAILABILITY = YES_AGGRESSIVE;
				CLANG_WARN_UNREACHABLE_CODE = YES;
				CLANG_WARN__DUPLICATE_METHOD_MATCH = YES;
				COPY_PHASE_STRIP = NO;
				DEBUG_INFORMATION_FORMAT = "dwarf-with-dsym";
				ENABLE_NS_ASSERTIONS = NO;
				ENABLE_STRICT_OBJC_MSGSEND = YES;
				GCC_C_LANGUAGE_STANDARD = gnu11;
				GCC_NO_COMMON_BLOCKS = YES;
				GCC_WARN_64_TO_32_BIT_CONVERSION = YES;
				GCC_WARN_ABOUT_RETURN_TYPE = YES_ERROR;
				GCC_WARN_UNDECLARED_SELECTOR = YES;
				GCC_WARN_UNINITIALIZED_AUTOS = YES_AGGRESSIVE;
				GCC_WARN_UNUSED_FUNCTION = YES;
				GCC_WARN_UNUSED_VARIABLE = YES;
				IPHONEOS_DEPLOYMENT_TARGET = 13.4;
				MTL_ENABLE_DEBUG_INFO = NO;
				MTL_FAST_MATH = YES;
				SDKROOT = iphoneos;
				SWIFT_COMPILATION_MODE = wholemodule;
				SWIFT_OPTIMIZATION_LEVEL = "-O";
				VALIDATE_PRODUCT = YES;
			};
			name = Release;
		};
		34348E1B243009D10032533E /* Debug */ = {
			isa = XCBuildConfiguration;
			buildSettings = {
				ASSETCATALOG_COMPILER_APPICON_NAME = AppIcon;
				CODE_SIGN_IDENTITY = "iPhone Distribution: Stefano Latini (Q3NBMV9RA5)";
				CODE_SIGN_STYLE = Manual;
				CURRENT_PROJECT_VERSION = 2;
				DEVELOPMENT_TEAM = Q3NBMV9RA5;
				INFOPLIST_FILE = Colligo/Info.plist;
				IPHONEOS_DEPLOYMENT_TARGET = 10.0;
				LD_RUNPATH_SEARCH_PATHS = (
					"$(inherited)",
					"@executable_path/Frameworks",
				);
				PRODUCT_BUNDLE_IDENTIFIER = com.pyzzalab.colligo;
				PRODUCT_NAME = ColliGo;
				PROVISIONING_PROFILE_SPECIFIER = "ColliGo Distribution Macbook Air";
				SWIFT_VERSION = 5.0;
				TARGETED_DEVICE_FAMILY = "1,2";
			};
			name = Debug;
		};
		34348E1C243009D10032533E /* Release */ = {
			isa = XCBuildConfiguration;
			buildSettings = {
				ASSETCATALOG_COMPILER_APPICON_NAME = AppIcon;
				CODE_SIGN_IDENTITY = "iPhone Distribution: Stefano Latini (Q3NBMV9RA5)";
				CODE_SIGN_STYLE = Manual;
				CURRENT_PROJECT_VERSION = 2;
				DEVELOPMENT_TEAM = Q3NBMV9RA5;
				INFOPLIST_FILE = Colligo/Info.plist;
				IPHONEOS_DEPLOYMENT_TARGET = 10.0;
				LD_RUNPATH_SEARCH_PATHS = (
					"$(inherited)",
					"@executable_path/Frameworks",
				);
				PRODUCT_BUNDLE_IDENTIFIER = com.pyzzalab.colligo;
				PRODUCT_NAME = ColliGo;
				PROVISIONING_PROFILE_SPECIFIER = "ColliGo Distribution Macbook Air";
				SWIFT_VERSION = 5.0;
				TARGETED_DEVICE_FAMILY = "1,2";
			};
			name = Release;
		};
/* End XCBuildConfiguration section */

/* Begin XCConfigurationList section */
		34348DFE243009CB0032533E /* Build configuration list for PBXProject "ColliGo" */ = {
			isa = XCConfigurationList;
			buildConfigurations = (
				34348E18243009D10032533E /* Debug */,
				34348E19243009D10032533E /* Release */,
			);
			defaultConfigurationIsVisible = 0;
			defaultConfigurationName = Release;
		};
		34348E1A243009D10032533E /* Build configuration list for PBXNativeTarget "Colligo" */ = {
			isa = XCConfigurationList;
			buildConfigurations = (
				34348E1B243009D10032533E /* Debug */,
				34348E1C243009D10032533E /* Release */,
			);
			defaultConfigurationIsVisible = 0;
			defaultConfigurationName = Release;
		};
/* End XCConfigurationList section */

/* Begin XCVersionGroup section */
		34348E0F243009CB0032533E /* Colligo.xcdatamodeld */ = {
			isa = XCVersionGroup;
			children = (
				34348E10243009CB0032533E /* Colligo.xcdatamodel */,
			);
			currentVersion = 34348E10243009CB0032533E /* Colligo.xcdatamodel */;
			path = Colligo.xcdatamodeld;
			sourceTree = "<group>";
			versionGroupType = wrapper.xcdatamodel;
		};
/* End XCVersionGroup section */
	};
	rootObject = 34348DFB243009CB0032533E /* Project object */;
}
